
Microsoft Visual Studio Solution File, Format Version 12.00
# Visual Studio Version 16
VisualStudioVersion = 16.0.31205.134
MinimumVisualStudioVersion = 15.0.26124.0
Project("{2150E333-8FDC-42A3-9474-1A3956D46DE8}") = "rbac", "rbac", "{78EB9816-B69E-4BEB-8211-A8EF4D01B0CE}"
EndProject
Project("{9A19103F-16F7-4668-BE54-9A1E7A4F7556}") = "rbac_data", "rbac\data\rbac_data.csproj", "{3F8E3347-82C2-447C-A1B7-7021C9605892}"
EndProject
Project("{9A19103F-16F7-4668-BE54-9A1E7A4F7556}") = "rbac_functions", "rbac\functions\rbac_functions.csproj", "{1D61B1D1-EAA8-4E0F-BE5C-9F101E5D1E54}"
EndProject
Project("{9A19103F-16F7-4668-BE54-9A1E7A4F7556}") = "rbac_clients", "rbac\clients\rbac_clients.csproj", "{8FF0B19E-7C54-4532-8F00-F270D8A2676D}"
EndProject
Project("{2150E333-8FDC-42A3-9474-1A3956D46DE8}") = "publish", "publish", "{67CD3310-6A62-471E-AE89-6096AFB046C5}"
EndProject
Project("{9A19103F-16F7-4668-BE54-9A1E7A4F7556}") = "publish_clients", "publish\clients\publish_clients.csproj", "{95B30B61-3560-4172-BDBB-5214F9139321}"
EndProject
Project("{9A19103F-16F7-4668-BE54-9A1E7A4F7556}") = "publish_data", "publish\data\publish_data.csproj", "{B34409DB-6ED6-4840-88DE-703E990A99EB}"
EndProject
Project("{9A19103F-16F7-4668-BE54-9A1E7A4F7556}") = "publish_functions", "publish\functions\publish_functions.csproj", "{5B07847B-D38A-4671-B905-0DCE6A874533}"
EndProject
Project("{9A19103F-16F7-4668-BE54-9A1E7A4F7556}") = "publish_tests", "publish\tests\publish_tests.csproj", "{CF8EBF70-1EB7-4710-8DCA-BACE434C9ED5}"
EndProject
Project("{2150E333-8FDC-42A3-9474-1A3956D46DE8}") = "partner", "partner", "{FF8D47EA-B08E-42D8-86FE-D9093D80E8BB}"
EndProject
Project("{9A19103F-16F7-4668-BE54-9A1E7A4F7556}") = "partner_clients", "partner\clients\partner_clients.csproj", "{1CC0F275-3E1A-4F04-8317-B26EC3DE4818}"
EndProject
Project("{9A19103F-16F7-4668-BE54-9A1E7A4F7556}") = "partner_data", "partner\data\partner_data.csproj", "{198753D2-0F2A-42AD-9D97-ADE685111A04}"
EndProject
Project("{9A19103F-16F7-4668-BE54-9A1E7A4F7556}") = "partner_functions", "partner\functions\partner_functions.csproj", "{7FFAA15F-6494-4501-AB97-17DE833AC7AB}"
EndProject
Project("{9A19103F-16F7-4668-BE54-9A1E7A4F7556}") = "partner_test", "partner\tests\partner_test.csproj", "{4C69ED65-82DE-4A46-93E2-FBC4DDB12239}"
EndProject
Project("{9A19103F-16F7-4668-BE54-9A1E7A4F7556}") = "rbac_tests", "rbac\tests\rbac_tests.csproj", "{A811B460-7621-4887-B9EE-B065346C5AA8}"
EndProject
Project("{2150E333-8FDC-42A3-9474-1A3956D46DE8}") = "common", "common", "{84F9C843-2DA9-4BB4-9B5D-9C3153B18EF0}"
EndProject
Project("{9A19103F-16F7-4668-BE54-9A1E7A4F7556}") = "common_utils", "common\commonUtils\common_utils.csproj", "{1A0358B0-8155-476E-AA6C-DDD01558C652}"
EndProject
Project("{9A19103F-16F7-4668-BE54-9A1E7A4F7556}") = "partner_public_client", "partner\public\partner_public_client.csproj", "{C9A58FDB-02B8-4CD5-B898-D38EA1AB3AE7}"
EndProject
Project("{2150E333-8FDC-42A3-9474-1A3956D46DE8}") = "routing", "routing", "{2A320332-DDCB-4BE7-8A47-D95A698E4118}"
EndProject
Project("{9A19103F-16F7-4668-BE54-9A1E7A4F7556}") = "routing_clients", "routing\clients\routing_clients.csproj", "{A70ECD33-2CD9-4827-A915-EE13DF18B613}"
EndProject
Project("{9A19103F-16F7-4668-BE54-9A1E7A4F7556}") = "routing_data", "routing\data\routing_data.csproj", "{5B1D2E47-ADDF-44B5-8BF1-AEE494B7F489}"
EndProject
Project("{9A19103F-16F7-4668-BE54-9A1E7A4F7556}") = "routing_functions", "routing\functions\routing_functions.csproj", "{FD3204A0-81F5-4686-88BC-F4A151314078}"
EndProject
Project("{9A19103F-16F7-4668-BE54-9A1E7A4F7556}") = "routing_tests", "routing\tests\routing_tests.csproj", "{E982E89D-A93C-4122-AEA1-3364B6A4F8EE}"
EndProject
Project("{2150E333-8FDC-42A3-9474-1A3956D46DE8}") = "gateway", "gateway", "{F04A626A-8B04-4583-A08F-E608F8AA7219}"
EndProject
Project("{9A19103F-16F7-4668-BE54-9A1E7A4F7556}") = "gateway_functions", "gateway\functions\gateway_functions.csproj", "{845FEDDA-3F3E-4787-ACC2-9603A9CB98A7}"
EndProject
Project("{2150E333-8FDC-42A3-9474-1A3956D46DE8}") = "mockup", "mockup", "{F6BF2B0F-6B96-4667-9B83-E5142CDC34C6}"
EndProject
Project("{9A19103F-16F7-4668-BE54-9A1E7A4F7556}") = "uimockup", "mockup\uimockup\uimockup.csproj", "{F05A1CD3-F52E-41BA-9E50-8DB493735451}"
EndProject
Project("{2150E333-8FDC-42A3-9474-1A3956D46DE8}") = "pubsub", "pubsub", "{F560C89B-5F5C-478C-8557-F4F0A20BCDC3}"
EndProject
Project("{9A19103F-16F7-4668-BE54-9A1E7A4F7556}") = "pubsub_functions", "pubsub\functions\pubsub_functions.csproj", "{9560119A-7FF2-45DE-927E-F92A60E64369}"
EndProject
Project("{9A19103F-16F7-4668-BE54-9A1E7A4F7556}") = "pubsub_clients", "pubsub\clients\pubsub_clients.csproj", "{691EE796-B56B-4542-838E-40B00D7A9553}"
EndProject
Project("{2150E333-8FDC-42A3-9474-1A3956D46DE8}") = "gallery", "gallery", "{26331B6B-CE4F-4457-8551-88F4ED52648A}"
EndProject
Project("{9A19103F-16F7-4668-BE54-9A1E7A4F7556}") = "gallery_functions", "gallery\functions\gallery_functions.csproj", "{7CD80245-14CB-4816-94E4-88403210A4B3}"
EndProject
Project("{9A19103F-16F7-4668-BE54-9A1E7A4F7556}") = "gallery_data", "gallery\data\gallery_data.csproj", "{C35F16B8-A0C6-4326-A360-4EE1D63CB234}"
EndProject
Project("{9A19103F-16F7-4668-BE54-9A1E7A4F7556}") = "gallery_public_client", "gallery\public\gallery_public_client.csproj", "{480FE22A-ACCD-4755-9200-1BA2687A6E2E}"
EndProject
Project("{2150E333-8FDC-42A3-9474-1A3956D46DE8}") = "provision", "provision", "{896CA114-D72D-4CD2-AFF9-A583E3E83689}"
EndProject
Project("{9A19103F-16F7-4668-BE54-9A1E7A4F7556}") = "provision_functions", "provision\functions\provision_functions.csproj", "{029A3519-CD21-4805-A7EB-8CD9F988BB6B}"
EndProject
Project("{9A19103F-16F7-4668-BE54-9A1E7A4F7556}") = "provision_data", "provision\data\provision_data.csproj", "{866FDC0F-4EC2-46AF-9ED5-39BAA9E2993B}"
EndProject
Project("{9A19103F-16F7-4668-BE54-9A1E7A4F7556}") = "provision_public_client", "provision\public\provision_public_client.csproj", "{3251C08D-4080-442E-BB5D-439E3CEECF07}"
EndProject
Project("{9A19103F-16F7-4668-BE54-9A1E7A4F7556}") = "swagger", "common\swagger\swagger.csproj", "{ECA3F32D-FC99-4CA1-BBE0-F96D2A0F9F9A}"
EndProject
Project("{9A19103F-16F7-4668-BE54-9A1E7A4F7556}") = "rbac_public_client", "rbac\public\rbac_public_client.csproj", "{398AA309-F221-49FC-8F1F-079CA23DFB5A}"
EndProject
Project("{9A19103F-16F7-4668-BE54-9A1E7A4F7556}") = "publish_public_client", "publish\public\publish_public_client.csproj", "{7B26679C-0155-477C-8BA8-68F21941BD11}"
EndProject
Project("{9A19103F-16F7-4668-BE54-9A1E7A4F7556}") = "pubsub_public_client", "pubsub\public\pubsub_public_client.csproj", "{E89D22C3-9A90-4ABD-BED8-F5F22153B412}"
EndProject
Project("{9A19103F-16F7-4668-BE54-9A1E7A4F7556}") = "gallery_clients", "gallery\clients\gallery_clients.csproj", "{AE3082F8-62C9-4B7D-9B83-F13BEF6BADA4}"
EndProject
Project("{9A19103F-16F7-4668-BE54-9A1E7A4F7556}") = "provision_clients", "provision\clients\provision_clients.csproj", "{933457C1-4600-44ED-B8D6-3A0F80DE4DDE}"
EndProject
Project("{2150E333-8FDC-42A3-9474-1A3956D46DE8}") = "test", "test", "{E170EAE3-EC66-46D7-9745-7A11E13895A4}"
EndProject
Project("{2150E333-8FDC-42A3-9474-1A3956D46DE8}") = "e2e", "e2e", "{8F6A260F-5E5B-4AD8-9E5E-F167B743DFFA}"
	ProjectSection(SolutionItems) = preProject
		test\e2e\lunae2etest.py = test\e2e\lunae2etest.py
		test\e2e\ScenarioTests.yml = test\e2e\ScenarioTests.yml
	EndProjectSection
EndProject
Project("{9A19103F-16F7-4668-BE54-9A1E7A4F7556}") = "pubsub_test", "pubsub\test\pubsub_test.csproj", "{ED6424E6-4B7C-4367-AB9B-47DDB64ACF27}"
EndProject
Project("{2150E333-8FDC-42A3-9474-1A3956D46DE8}") = "marketplace", "marketplace", "{498E3A60-A324-4260-882F-2236B3FCF6AF}"
EndProject
Project("{9A19103F-16F7-4668-BE54-9A1E7A4F7556}") = "marketplace_clients", "marketplace\clients\marketplace_clients.csproj", "{5F988CBA-5904-441B-AEFE-04F7D29757F6}"
EndProject
Project("{9A19103F-16F7-4668-BE54-9A1E7A4F7556}") = "marketplace_data", "marketplace\data\marketplace_data.csproj", "{FF78CCA4-8D68-40E1-800A-127EF75F8A6D}"
EndProject
Project("{9A19103F-16F7-4668-BE54-9A1E7A4F7556}") = "marketplace_functions", "marketplace\functions\marketplace_functions.csproj", "{76C84F00-0FDA-44D8-A29B-E324B3440364}"
EndProject
Project("{9A19103F-16F7-4668-BE54-9A1E7A4F7556}") = "marketplace_public_client", "marketplace\public\marketplace_public_client.csproj", "{66D171DD-1EB4-4E7B-9404-7B7C29523984}"
EndProject
Project("{9A19103F-16F7-4668-BE54-9A1E7A4F7556}") = "marketplace_tests", "marketplace\tests\marketplace_tests.csproj", "{9DC99041-C24C-40B3-B37C-29CC589AC2DB}"
EndProject
Project("{FAE04EC0-301F-11D3-BF4B-00C04F79EFBC}") = "test_utils", "common\test_utils\test_utils.csproj", "{E81CDFAA-E81B-462E-B823-FD787D985743}"
EndProject
Global
	GlobalSection(SolutionConfigurationPlatforms) = preSolution
		Debug|Any CPU = Debug|Any CPU
		Debug|x64 = Debug|x64
		Debug|x86 = Debug|x86
		Release|Any CPU = Release|Any CPU
		Release|x64 = Release|x64
		Release|x86 = Release|x86
	EndGlobalSection
	GlobalSection(ProjectConfigurationPlatforms) = postSolution
		{3F8E3347-82C2-447C-A1B7-7021C9605892}.Debug|Any CPU.ActiveCfg = Debug|Any CPU
		{3F8E3347-82C2-447C-A1B7-7021C9605892}.Debug|Any CPU.Build.0 = Debug|Any CPU
		{3F8E3347-82C2-447C-A1B7-7021C9605892}.Debug|x64.ActiveCfg = Debug|Any CPU
		{3F8E3347-82C2-447C-A1B7-7021C9605892}.Debug|x64.Build.0 = Debug|Any CPU
		{3F8E3347-82C2-447C-A1B7-7021C9605892}.Debug|x86.ActiveCfg = Debug|Any CPU
		{3F8E3347-82C2-447C-A1B7-7021C9605892}.Debug|x86.Build.0 = Debug|Any CPU
		{3F8E3347-82C2-447C-A1B7-7021C9605892}.Release|Any CPU.ActiveCfg = Release|Any CPU
		{3F8E3347-82C2-447C-A1B7-7021C9605892}.Release|Any CPU.Build.0 = Release|Any CPU
		{3F8E3347-82C2-447C-A1B7-7021C9605892}.Release|x64.ActiveCfg = Release|Any CPU
		{3F8E3347-82C2-447C-A1B7-7021C9605892}.Release|x64.Build.0 = Release|Any CPU
		{3F8E3347-82C2-447C-A1B7-7021C9605892}.Release|x86.ActiveCfg = Release|Any CPU
		{3F8E3347-82C2-447C-A1B7-7021C9605892}.Release|x86.Build.0 = Release|Any CPU
		{1D61B1D1-EAA8-4E0F-BE5C-9F101E5D1E54}.Debug|Any CPU.ActiveCfg = Debug|Any CPU
		{1D61B1D1-EAA8-4E0F-BE5C-9F101E5D1E54}.Debug|Any CPU.Build.0 = Debug|Any CPU
		{1D61B1D1-EAA8-4E0F-BE5C-9F101E5D1E54}.Debug|x64.ActiveCfg = Debug|Any CPU
		{1D61B1D1-EAA8-4E0F-BE5C-9F101E5D1E54}.Debug|x64.Build.0 = Debug|Any CPU
		{1D61B1D1-EAA8-4E0F-BE5C-9F101E5D1E54}.Debug|x86.ActiveCfg = Debug|Any CPU
		{1D61B1D1-EAA8-4E0F-BE5C-9F101E5D1E54}.Debug|x86.Build.0 = Debug|Any CPU
		{1D61B1D1-EAA8-4E0F-BE5C-9F101E5D1E54}.Release|Any CPU.ActiveCfg = Release|Any CPU
		{1D61B1D1-EAA8-4E0F-BE5C-9F101E5D1E54}.Release|Any CPU.Build.0 = Release|Any CPU
		{1D61B1D1-EAA8-4E0F-BE5C-9F101E5D1E54}.Release|x64.ActiveCfg = Release|Any CPU
		{1D61B1D1-EAA8-4E0F-BE5C-9F101E5D1E54}.Release|x64.Build.0 = Release|Any CPU
		{1D61B1D1-EAA8-4E0F-BE5C-9F101E5D1E54}.Release|x86.ActiveCfg = Release|Any CPU
		{1D61B1D1-EAA8-4E0F-BE5C-9F101E5D1E54}.Release|x86.Build.0 = Release|Any CPU
		{8FF0B19E-7C54-4532-8F00-F270D8A2676D}.Debug|Any CPU.ActiveCfg = Debug|Any CPU
		{8FF0B19E-7C54-4532-8F00-F270D8A2676D}.Debug|Any CPU.Build.0 = Debug|Any CPU
		{8FF0B19E-7C54-4532-8F00-F270D8A2676D}.Debug|x64.ActiveCfg = Debug|Any CPU
		{8FF0B19E-7C54-4532-8F00-F270D8A2676D}.Debug|x64.Build.0 = Debug|Any CPU
		{8FF0B19E-7C54-4532-8F00-F270D8A2676D}.Debug|x86.ActiveCfg = Debug|Any CPU
		{8FF0B19E-7C54-4532-8F00-F270D8A2676D}.Debug|x86.Build.0 = Debug|Any CPU
		{8FF0B19E-7C54-4532-8F00-F270D8A2676D}.Release|Any CPU.ActiveCfg = Release|Any CPU
		{8FF0B19E-7C54-4532-8F00-F270D8A2676D}.Release|Any CPU.Build.0 = Release|Any CPU
		{8FF0B19E-7C54-4532-8F00-F270D8A2676D}.Release|x64.ActiveCfg = Release|Any CPU
		{8FF0B19E-7C54-4532-8F00-F270D8A2676D}.Release|x64.Build.0 = Release|Any CPU
		{8FF0B19E-7C54-4532-8F00-F270D8A2676D}.Release|x86.ActiveCfg = Release|Any CPU
		{8FF0B19E-7C54-4532-8F00-F270D8A2676D}.Release|x86.Build.0 = Release|Any CPU
		{95B30B61-3560-4172-BDBB-5214F9139321}.Debug|Any CPU.ActiveCfg = Debug|Any CPU
		{95B30B61-3560-4172-BDBB-5214F9139321}.Debug|Any CPU.Build.0 = Debug|Any CPU
		{95B30B61-3560-4172-BDBB-5214F9139321}.Debug|x64.ActiveCfg = Debug|Any CPU
		{95B30B61-3560-4172-BDBB-5214F9139321}.Debug|x64.Build.0 = Debug|Any CPU
		{95B30B61-3560-4172-BDBB-5214F9139321}.Debug|x86.ActiveCfg = Debug|Any CPU
		{95B30B61-3560-4172-BDBB-5214F9139321}.Debug|x86.Build.0 = Debug|Any CPU
		{95B30B61-3560-4172-BDBB-5214F9139321}.Release|Any CPU.ActiveCfg = Release|Any CPU
		{95B30B61-3560-4172-BDBB-5214F9139321}.Release|Any CPU.Build.0 = Release|Any CPU
		{95B30B61-3560-4172-BDBB-5214F9139321}.Release|x64.ActiveCfg = Release|Any CPU
		{95B30B61-3560-4172-BDBB-5214F9139321}.Release|x64.Build.0 = Release|Any CPU
		{95B30B61-3560-4172-BDBB-5214F9139321}.Release|x86.ActiveCfg = Release|Any CPU
		{95B30B61-3560-4172-BDBB-5214F9139321}.Release|x86.Build.0 = Release|Any CPU
		{B34409DB-6ED6-4840-88DE-703E990A99EB}.Debug|Any CPU.ActiveCfg = Debug|Any CPU
		{B34409DB-6ED6-4840-88DE-703E990A99EB}.Debug|Any CPU.Build.0 = Debug|Any CPU
		{B34409DB-6ED6-4840-88DE-703E990A99EB}.Debug|x64.ActiveCfg = Debug|Any CPU
		{B34409DB-6ED6-4840-88DE-703E990A99EB}.Debug|x64.Build.0 = Debug|Any CPU
		{B34409DB-6ED6-4840-88DE-703E990A99EB}.Debug|x86.ActiveCfg = Debug|Any CPU
		{B34409DB-6ED6-4840-88DE-703E990A99EB}.Debug|x86.Build.0 = Debug|Any CPU
		{B34409DB-6ED6-4840-88DE-703E990A99EB}.Release|Any CPU.ActiveCfg = Release|Any CPU
		{B34409DB-6ED6-4840-88DE-703E990A99EB}.Release|Any CPU.Build.0 = Release|Any CPU
		{B34409DB-6ED6-4840-88DE-703E990A99EB}.Release|x64.ActiveCfg = Release|Any CPU
		{B34409DB-6ED6-4840-88DE-703E990A99EB}.Release|x64.Build.0 = Release|Any CPU
		{B34409DB-6ED6-4840-88DE-703E990A99EB}.Release|x86.ActiveCfg = Release|Any CPU
		{B34409DB-6ED6-4840-88DE-703E990A99EB}.Release|x86.Build.0 = Release|Any CPU
		{5B07847B-D38A-4671-B905-0DCE6A874533}.Debug|Any CPU.ActiveCfg = Debug|Any CPU
		{5B07847B-D38A-4671-B905-0DCE6A874533}.Debug|Any CPU.Build.0 = Debug|Any CPU
		{5B07847B-D38A-4671-B905-0DCE6A874533}.Debug|x64.ActiveCfg = Debug|Any CPU
		{5B07847B-D38A-4671-B905-0DCE6A874533}.Debug|x64.Build.0 = Debug|Any CPU
		{5B07847B-D38A-4671-B905-0DCE6A874533}.Debug|x86.ActiveCfg = Debug|Any CPU
		{5B07847B-D38A-4671-B905-0DCE6A874533}.Debug|x86.Build.0 = Debug|Any CPU
		{5B07847B-D38A-4671-B905-0DCE6A874533}.Release|Any CPU.ActiveCfg = Release|Any CPU
		{5B07847B-D38A-4671-B905-0DCE6A874533}.Release|Any CPU.Build.0 = Release|Any CPU
		{5B07847B-D38A-4671-B905-0DCE6A874533}.Release|x64.ActiveCfg = Release|Any CPU
		{5B07847B-D38A-4671-B905-0DCE6A874533}.Release|x64.Build.0 = Release|Any CPU
		{5B07847B-D38A-4671-B905-0DCE6A874533}.Release|x86.ActiveCfg = Release|Any CPU
		{5B07847B-D38A-4671-B905-0DCE6A874533}.Release|x86.Build.0 = Release|Any CPU
		{CF8EBF70-1EB7-4710-8DCA-BACE434C9ED5}.Debug|Any CPU.ActiveCfg = Debug|Any CPU
		{CF8EBF70-1EB7-4710-8DCA-BACE434C9ED5}.Debug|Any CPU.Build.0 = Debug|Any CPU
		{CF8EBF70-1EB7-4710-8DCA-BACE434C9ED5}.Debug|x64.ActiveCfg = Debug|Any CPU
		{CF8EBF70-1EB7-4710-8DCA-BACE434C9ED5}.Debug|x64.Build.0 = Debug|Any CPU
		{CF8EBF70-1EB7-4710-8DCA-BACE434C9ED5}.Debug|x86.ActiveCfg = Debug|Any CPU
		{CF8EBF70-1EB7-4710-8DCA-BACE434C9ED5}.Debug|x86.Build.0 = Debug|Any CPU
		{CF8EBF70-1EB7-4710-8DCA-BACE434C9ED5}.Release|Any CPU.ActiveCfg = Release|Any CPU
		{CF8EBF70-1EB7-4710-8DCA-BACE434C9ED5}.Release|Any CPU.Build.0 = Release|Any CPU
		{CF8EBF70-1EB7-4710-8DCA-BACE434C9ED5}.Release|x64.ActiveCfg = Release|Any CPU
		{CF8EBF70-1EB7-4710-8DCA-BACE434C9ED5}.Release|x64.Build.0 = Release|Any CPU
		{CF8EBF70-1EB7-4710-8DCA-BACE434C9ED5}.Release|x86.ActiveCfg = Release|Any CPU
		{CF8EBF70-1EB7-4710-8DCA-BACE434C9ED5}.Release|x86.Build.0 = Release|Any CPU
		{1CC0F275-3E1A-4F04-8317-B26EC3DE4818}.Debug|Any CPU.ActiveCfg = Debug|Any CPU
		{1CC0F275-3E1A-4F04-8317-B26EC3DE4818}.Debug|Any CPU.Build.0 = Debug|Any CPU
		{1CC0F275-3E1A-4F04-8317-B26EC3DE4818}.Debug|x64.ActiveCfg = Debug|Any CPU
		{1CC0F275-3E1A-4F04-8317-B26EC3DE4818}.Debug|x64.Build.0 = Debug|Any CPU
		{1CC0F275-3E1A-4F04-8317-B26EC3DE4818}.Debug|x86.ActiveCfg = Debug|Any CPU
		{1CC0F275-3E1A-4F04-8317-B26EC3DE4818}.Debug|x86.Build.0 = Debug|Any CPU
		{1CC0F275-3E1A-4F04-8317-B26EC3DE4818}.Release|Any CPU.ActiveCfg = Release|Any CPU
		{1CC0F275-3E1A-4F04-8317-B26EC3DE4818}.Release|Any CPU.Build.0 = Release|Any CPU
		{1CC0F275-3E1A-4F04-8317-B26EC3DE4818}.Release|x64.ActiveCfg = Release|Any CPU
		{1CC0F275-3E1A-4F04-8317-B26EC3DE4818}.Release|x64.Build.0 = Release|Any CPU
		{1CC0F275-3E1A-4F04-8317-B26EC3DE4818}.Release|x86.ActiveCfg = Release|Any CPU
		{1CC0F275-3E1A-4F04-8317-B26EC3DE4818}.Release|x86.Build.0 = Release|Any CPU
		{198753D2-0F2A-42AD-9D97-ADE685111A04}.Debug|Any CPU.ActiveCfg = Debug|Any CPU
		{198753D2-0F2A-42AD-9D97-ADE685111A04}.Debug|Any CPU.Build.0 = Debug|Any CPU
		{198753D2-0F2A-42AD-9D97-ADE685111A04}.Debug|x64.ActiveCfg = Debug|Any CPU
		{198753D2-0F2A-42AD-9D97-ADE685111A04}.Debug|x64.Build.0 = Debug|Any CPU
		{198753D2-0F2A-42AD-9D97-ADE685111A04}.Debug|x86.ActiveCfg = Debug|Any CPU
		{198753D2-0F2A-42AD-9D97-ADE685111A04}.Debug|x86.Build.0 = Debug|Any CPU
		{198753D2-0F2A-42AD-9D97-ADE685111A04}.Release|Any CPU.ActiveCfg = Release|Any CPU
		{198753D2-0F2A-42AD-9D97-ADE685111A04}.Release|Any CPU.Build.0 = Release|Any CPU
		{198753D2-0F2A-42AD-9D97-ADE685111A04}.Release|x64.ActiveCfg = Release|Any CPU
		{198753D2-0F2A-42AD-9D97-ADE685111A04}.Release|x64.Build.0 = Release|Any CPU
		{198753D2-0F2A-42AD-9D97-ADE685111A04}.Release|x86.ActiveCfg = Release|Any CPU
		{198753D2-0F2A-42AD-9D97-ADE685111A04}.Release|x86.Build.0 = Release|Any CPU
		{7FFAA15F-6494-4501-AB97-17DE833AC7AB}.Debug|Any CPU.ActiveCfg = Debug|Any CPU
		{7FFAA15F-6494-4501-AB97-17DE833AC7AB}.Debug|Any CPU.Build.0 = Debug|Any CPU
		{7FFAA15F-6494-4501-AB97-17DE833AC7AB}.Debug|x64.ActiveCfg = Debug|Any CPU
		{7FFAA15F-6494-4501-AB97-17DE833AC7AB}.Debug|x64.Build.0 = Debug|Any CPU
		{7FFAA15F-6494-4501-AB97-17DE833AC7AB}.Debug|x86.ActiveCfg = Debug|Any CPU
		{7FFAA15F-6494-4501-AB97-17DE833AC7AB}.Debug|x86.Build.0 = Debug|Any CPU
		{7FFAA15F-6494-4501-AB97-17DE833AC7AB}.Release|Any CPU.ActiveCfg = Release|Any CPU
		{7FFAA15F-6494-4501-AB97-17DE833AC7AB}.Release|Any CPU.Build.0 = Release|Any CPU
		{7FFAA15F-6494-4501-AB97-17DE833AC7AB}.Release|x64.ActiveCfg = Release|Any CPU
		{7FFAA15F-6494-4501-AB97-17DE833AC7AB}.Release|x64.Build.0 = Release|Any CPU
		{7FFAA15F-6494-4501-AB97-17DE833AC7AB}.Release|x86.ActiveCfg = Release|Any CPU
		{7FFAA15F-6494-4501-AB97-17DE833AC7AB}.Release|x86.Build.0 = Release|Any CPU
		{4C69ED65-82DE-4A46-93E2-FBC4DDB12239}.Debug|Any CPU.ActiveCfg = Debug|Any CPU
		{4C69ED65-82DE-4A46-93E2-FBC4DDB12239}.Debug|Any CPU.Build.0 = Debug|Any CPU
		{4C69ED65-82DE-4A46-93E2-FBC4DDB12239}.Debug|x64.ActiveCfg = Debug|Any CPU
		{4C69ED65-82DE-4A46-93E2-FBC4DDB12239}.Debug|x64.Build.0 = Debug|Any CPU
		{4C69ED65-82DE-4A46-93E2-FBC4DDB12239}.Debug|x86.ActiveCfg = Debug|Any CPU
		{4C69ED65-82DE-4A46-93E2-FBC4DDB12239}.Debug|x86.Build.0 = Debug|Any CPU
		{4C69ED65-82DE-4A46-93E2-FBC4DDB12239}.Release|Any CPU.ActiveCfg = Release|Any CPU
		{4C69ED65-82DE-4A46-93E2-FBC4DDB12239}.Release|Any CPU.Build.0 = Release|Any CPU
		{4C69ED65-82DE-4A46-93E2-FBC4DDB12239}.Release|x64.ActiveCfg = Release|Any CPU
		{4C69ED65-82DE-4A46-93E2-FBC4DDB12239}.Release|x64.Build.0 = Release|Any CPU
		{4C69ED65-82DE-4A46-93E2-FBC4DDB12239}.Release|x86.ActiveCfg = Release|Any CPU
		{4C69ED65-82DE-4A46-93E2-FBC4DDB12239}.Release|x86.Build.0 = Release|Any CPU
		{A811B460-7621-4887-B9EE-B065346C5AA8}.Debug|Any CPU.ActiveCfg = Debug|Any CPU
		{A811B460-7621-4887-B9EE-B065346C5AA8}.Debug|Any CPU.Build.0 = Debug|Any CPU
		{A811B460-7621-4887-B9EE-B065346C5AA8}.Debug|x64.ActiveCfg = Debug|Any CPU
		{A811B460-7621-4887-B9EE-B065346C5AA8}.Debug|x64.Build.0 = Debug|Any CPU
		{A811B460-7621-4887-B9EE-B065346C5AA8}.Debug|x86.ActiveCfg = Debug|Any CPU
		{A811B460-7621-4887-B9EE-B065346C5AA8}.Debug|x86.Build.0 = Debug|Any CPU
		{A811B460-7621-4887-B9EE-B065346C5AA8}.Release|Any CPU.ActiveCfg = Release|Any CPU
		{A811B460-7621-4887-B9EE-B065346C5AA8}.Release|Any CPU.Build.0 = Release|Any CPU
		{A811B460-7621-4887-B9EE-B065346C5AA8}.Release|x64.ActiveCfg = Release|Any CPU
		{A811B460-7621-4887-B9EE-B065346C5AA8}.Release|x64.Build.0 = Release|Any CPU
		{A811B460-7621-4887-B9EE-B065346C5AA8}.Release|x86.ActiveCfg = Release|Any CPU
		{A811B460-7621-4887-B9EE-B065346C5AA8}.Release|x86.Build.0 = Release|Any CPU
		{1A0358B0-8155-476E-AA6C-DDD01558C652}.Debug|Any CPU.ActiveCfg = Debug|Any CPU
		{1A0358B0-8155-476E-AA6C-DDD01558C652}.Debug|Any CPU.Build.0 = Debug|Any CPU
		{1A0358B0-8155-476E-AA6C-DDD01558C652}.Debug|x64.ActiveCfg = Debug|Any CPU
		{1A0358B0-8155-476E-AA6C-DDD01558C652}.Debug|x64.Build.0 = Debug|Any CPU
		{1A0358B0-8155-476E-AA6C-DDD01558C652}.Debug|x86.ActiveCfg = Debug|Any CPU
		{1A0358B0-8155-476E-AA6C-DDD01558C652}.Debug|x86.Build.0 = Debug|Any CPU
		{1A0358B0-8155-476E-AA6C-DDD01558C652}.Release|Any CPU.ActiveCfg = Release|Any CPU
		{1A0358B0-8155-476E-AA6C-DDD01558C652}.Release|Any CPU.Build.0 = Release|Any CPU
		{1A0358B0-8155-476E-AA6C-DDD01558C652}.Release|x64.ActiveCfg = Release|Any CPU
		{1A0358B0-8155-476E-AA6C-DDD01558C652}.Release|x64.Build.0 = Release|Any CPU
		{1A0358B0-8155-476E-AA6C-DDD01558C652}.Release|x86.ActiveCfg = Release|Any CPU
		{1A0358B0-8155-476E-AA6C-DDD01558C652}.Release|x86.Build.0 = Release|Any CPU
		{C9A58FDB-02B8-4CD5-B898-D38EA1AB3AE7}.Debug|Any CPU.ActiveCfg = Debug|Any CPU
		{C9A58FDB-02B8-4CD5-B898-D38EA1AB3AE7}.Debug|Any CPU.Build.0 = Debug|Any CPU
		{C9A58FDB-02B8-4CD5-B898-D38EA1AB3AE7}.Debug|x64.ActiveCfg = Debug|Any CPU
		{C9A58FDB-02B8-4CD5-B898-D38EA1AB3AE7}.Debug|x64.Build.0 = Debug|Any CPU
		{C9A58FDB-02B8-4CD5-B898-D38EA1AB3AE7}.Debug|x86.ActiveCfg = Debug|Any CPU
		{C9A58FDB-02B8-4CD5-B898-D38EA1AB3AE7}.Debug|x86.Build.0 = Debug|Any CPU
		{C9A58FDB-02B8-4CD5-B898-D38EA1AB3AE7}.Release|Any CPU.ActiveCfg = Release|Any CPU
		{C9A58FDB-02B8-4CD5-B898-D38EA1AB3AE7}.Release|Any CPU.Build.0 = Release|Any CPU
		{C9A58FDB-02B8-4CD5-B898-D38EA1AB3AE7}.Release|x64.ActiveCfg = Release|Any CPU
		{C9A58FDB-02B8-4CD5-B898-D38EA1AB3AE7}.Release|x64.Build.0 = Release|Any CPU
		{C9A58FDB-02B8-4CD5-B898-D38EA1AB3AE7}.Release|x86.ActiveCfg = Release|Any CPU
		{C9A58FDB-02B8-4CD5-B898-D38EA1AB3AE7}.Release|x86.Build.0 = Release|Any CPU
		{A70ECD33-2CD9-4827-A915-EE13DF18B613}.Debug|Any CPU.ActiveCfg = Debug|Any CPU
		{A70ECD33-2CD9-4827-A915-EE13DF18B613}.Debug|Any CPU.Build.0 = Debug|Any CPU
		{A70ECD33-2CD9-4827-A915-EE13DF18B613}.Debug|x64.ActiveCfg = Debug|Any CPU
		{A70ECD33-2CD9-4827-A915-EE13DF18B613}.Debug|x64.Build.0 = Debug|Any CPU
		{A70ECD33-2CD9-4827-A915-EE13DF18B613}.Debug|x86.ActiveCfg = Debug|Any CPU
		{A70ECD33-2CD9-4827-A915-EE13DF18B613}.Debug|x86.Build.0 = Debug|Any CPU
		{A70ECD33-2CD9-4827-A915-EE13DF18B613}.Release|Any CPU.ActiveCfg = Release|Any CPU
		{A70ECD33-2CD9-4827-A915-EE13DF18B613}.Release|Any CPU.Build.0 = Release|Any CPU
		{A70ECD33-2CD9-4827-A915-EE13DF18B613}.Release|x64.ActiveCfg = Release|Any CPU
		{A70ECD33-2CD9-4827-A915-EE13DF18B613}.Release|x64.Build.0 = Release|Any CPU
		{A70ECD33-2CD9-4827-A915-EE13DF18B613}.Release|x86.ActiveCfg = Release|Any CPU
		{A70ECD33-2CD9-4827-A915-EE13DF18B613}.Release|x86.Build.0 = Release|Any CPU
		{5B1D2E47-ADDF-44B5-8BF1-AEE494B7F489}.Debug|Any CPU.ActiveCfg = Debug|Any CPU
		{5B1D2E47-ADDF-44B5-8BF1-AEE494B7F489}.Debug|Any CPU.Build.0 = Debug|Any CPU
		{5B1D2E47-ADDF-44B5-8BF1-AEE494B7F489}.Debug|x64.ActiveCfg = Debug|Any CPU
		{5B1D2E47-ADDF-44B5-8BF1-AEE494B7F489}.Debug|x64.Build.0 = Debug|Any CPU
		{5B1D2E47-ADDF-44B5-8BF1-AEE494B7F489}.Debug|x86.ActiveCfg = Debug|Any CPU
		{5B1D2E47-ADDF-44B5-8BF1-AEE494B7F489}.Debug|x86.Build.0 = Debug|Any CPU
		{5B1D2E47-ADDF-44B5-8BF1-AEE494B7F489}.Release|Any CPU.ActiveCfg = Release|Any CPU
		{5B1D2E47-ADDF-44B5-8BF1-AEE494B7F489}.Release|Any CPU.Build.0 = Release|Any CPU
		{5B1D2E47-ADDF-44B5-8BF1-AEE494B7F489}.Release|x64.ActiveCfg = Release|Any CPU
		{5B1D2E47-ADDF-44B5-8BF1-AEE494B7F489}.Release|x64.Build.0 = Release|Any CPU
		{5B1D2E47-ADDF-44B5-8BF1-AEE494B7F489}.Release|x86.ActiveCfg = Release|Any CPU
		{5B1D2E47-ADDF-44B5-8BF1-AEE494B7F489}.Release|x86.Build.0 = Release|Any CPU
		{FD3204A0-81F5-4686-88BC-F4A151314078}.Debug|Any CPU.ActiveCfg = Debug|Any CPU
		{FD3204A0-81F5-4686-88BC-F4A151314078}.Debug|Any CPU.Build.0 = Debug|Any CPU
		{FD3204A0-81F5-4686-88BC-F4A151314078}.Debug|x64.ActiveCfg = Debug|Any CPU
		{FD3204A0-81F5-4686-88BC-F4A151314078}.Debug|x64.Build.0 = Debug|Any CPU
		{FD3204A0-81F5-4686-88BC-F4A151314078}.Debug|x86.ActiveCfg = Debug|Any CPU
		{FD3204A0-81F5-4686-88BC-F4A151314078}.Debug|x86.Build.0 = Debug|Any CPU
		{FD3204A0-81F5-4686-88BC-F4A151314078}.Release|Any CPU.ActiveCfg = Release|Any CPU
		{FD3204A0-81F5-4686-88BC-F4A151314078}.Release|Any CPU.Build.0 = Release|Any CPU
		{FD3204A0-81F5-4686-88BC-F4A151314078}.Release|x64.ActiveCfg = Release|Any CPU
		{FD3204A0-81F5-4686-88BC-F4A151314078}.Release|x64.Build.0 = Release|Any CPU
		{FD3204A0-81F5-4686-88BC-F4A151314078}.Release|x86.ActiveCfg = Release|Any CPU
		{FD3204A0-81F5-4686-88BC-F4A151314078}.Release|x86.Build.0 = Release|Any CPU
		{E982E89D-A93C-4122-AEA1-3364B6A4F8EE}.Debug|Any CPU.ActiveCfg = Debug|Any CPU
		{E982E89D-A93C-4122-AEA1-3364B6A4F8EE}.Debug|Any CPU.Build.0 = Debug|Any CPU
		{E982E89D-A93C-4122-AEA1-3364B6A4F8EE}.Debug|x64.ActiveCfg = Debug|Any CPU
		{E982E89D-A93C-4122-AEA1-3364B6A4F8EE}.Debug|x64.Build.0 = Debug|Any CPU
		{E982E89D-A93C-4122-AEA1-3364B6A4F8EE}.Debug|x86.ActiveCfg = Debug|Any CPU
		{E982E89D-A93C-4122-AEA1-3364B6A4F8EE}.Debug|x86.Build.0 = Debug|Any CPU
		{E982E89D-A93C-4122-AEA1-3364B6A4F8EE}.Release|Any CPU.ActiveCfg = Release|Any CPU
		{E982E89D-A93C-4122-AEA1-3364B6A4F8EE}.Release|Any CPU.Build.0 = Release|Any CPU
		{E982E89D-A93C-4122-AEA1-3364B6A4F8EE}.Release|x64.ActiveCfg = Release|Any CPU
		{E982E89D-A93C-4122-AEA1-3364B6A4F8EE}.Release|x64.Build.0 = Release|Any CPU
		{E982E89D-A93C-4122-AEA1-3364B6A4F8EE}.Release|x86.ActiveCfg = Release|Any CPU
		{E982E89D-A93C-4122-AEA1-3364B6A4F8EE}.Release|x86.Build.0 = Release|Any CPU
		{845FEDDA-3F3E-4787-ACC2-9603A9CB98A7}.Debug|Any CPU.ActiveCfg = Debug|Any CPU
		{845FEDDA-3F3E-4787-ACC2-9603A9CB98A7}.Debug|Any CPU.Build.0 = Debug|Any CPU
		{845FEDDA-3F3E-4787-ACC2-9603A9CB98A7}.Debug|x64.ActiveCfg = Debug|Any CPU
		{845FEDDA-3F3E-4787-ACC2-9603A9CB98A7}.Debug|x64.Build.0 = Debug|Any CPU
		{845FEDDA-3F3E-4787-ACC2-9603A9CB98A7}.Debug|x86.ActiveCfg = Debug|Any CPU
		{845FEDDA-3F3E-4787-ACC2-9603A9CB98A7}.Debug|x86.Build.0 = Debug|Any CPU
		{845FEDDA-3F3E-4787-ACC2-9603A9CB98A7}.Release|Any CPU.ActiveCfg = Release|Any CPU
		{845FEDDA-3F3E-4787-ACC2-9603A9CB98A7}.Release|Any CPU.Build.0 = Release|Any CPU
		{845FEDDA-3F3E-4787-ACC2-9603A9CB98A7}.Release|x64.ActiveCfg = Release|Any CPU
		{845FEDDA-3F3E-4787-ACC2-9603A9CB98A7}.Release|x64.Build.0 = Release|Any CPU
		{845FEDDA-3F3E-4787-ACC2-9603A9CB98A7}.Release|x86.ActiveCfg = Release|Any CPU
		{845FEDDA-3F3E-4787-ACC2-9603A9CB98A7}.Release|x86.Build.0 = Release|Any CPU
		{F05A1CD3-F52E-41BA-9E50-8DB493735451}.Debug|Any CPU.ActiveCfg = Debug|Any CPU
		{F05A1CD3-F52E-41BA-9E50-8DB493735451}.Debug|Any CPU.Build.0 = Debug|Any CPU
		{F05A1CD3-F52E-41BA-9E50-8DB493735451}.Debug|x64.ActiveCfg = Debug|Any CPU
		{F05A1CD3-F52E-41BA-9E50-8DB493735451}.Debug|x64.Build.0 = Debug|Any CPU
		{F05A1CD3-F52E-41BA-9E50-8DB493735451}.Debug|x86.ActiveCfg = Debug|Any CPU
		{F05A1CD3-F52E-41BA-9E50-8DB493735451}.Debug|x86.Build.0 = Debug|Any CPU
		{F05A1CD3-F52E-41BA-9E50-8DB493735451}.Release|Any CPU.ActiveCfg = Release|Any CPU
		{F05A1CD3-F52E-41BA-9E50-8DB493735451}.Release|Any CPU.Build.0 = Release|Any CPU
		{F05A1CD3-F52E-41BA-9E50-8DB493735451}.Release|x64.ActiveCfg = Release|Any CPU
		{F05A1CD3-F52E-41BA-9E50-8DB493735451}.Release|x64.Build.0 = Release|Any CPU
		{F05A1CD3-F52E-41BA-9E50-8DB493735451}.Release|x86.ActiveCfg = Release|Any CPU
		{F05A1CD3-F52E-41BA-9E50-8DB493735451}.Release|x86.Build.0 = Release|Any CPU
		{9560119A-7FF2-45DE-927E-F92A60E64369}.Debug|Any CPU.ActiveCfg = Debug|Any CPU
		{9560119A-7FF2-45DE-927E-F92A60E64369}.Debug|Any CPU.Build.0 = Debug|Any CPU
		{9560119A-7FF2-45DE-927E-F92A60E64369}.Debug|x64.ActiveCfg = Debug|Any CPU
		{9560119A-7FF2-45DE-927E-F92A60E64369}.Debug|x64.Build.0 = Debug|Any CPU
		{9560119A-7FF2-45DE-927E-F92A60E64369}.Debug|x86.ActiveCfg = Debug|Any CPU
		{9560119A-7FF2-45DE-927E-F92A60E64369}.Debug|x86.Build.0 = Debug|Any CPU
		{9560119A-7FF2-45DE-927E-F92A60E64369}.Release|Any CPU.ActiveCfg = Release|Any CPU
		{9560119A-7FF2-45DE-927E-F92A60E64369}.Release|Any CPU.Build.0 = Release|Any CPU
		{9560119A-7FF2-45DE-927E-F92A60E64369}.Release|x64.ActiveCfg = Release|Any CPU
		{9560119A-7FF2-45DE-927E-F92A60E64369}.Release|x64.Build.0 = Release|Any CPU
		{9560119A-7FF2-45DE-927E-F92A60E64369}.Release|x86.ActiveCfg = Release|Any CPU
		{9560119A-7FF2-45DE-927E-F92A60E64369}.Release|x86.Build.0 = Release|Any CPU
		{691EE796-B56B-4542-838E-40B00D7A9553}.Debug|Any CPU.ActiveCfg = Debug|Any CPU
		{691EE796-B56B-4542-838E-40B00D7A9553}.Debug|Any CPU.Build.0 = Debug|Any CPU
		{691EE796-B56B-4542-838E-40B00D7A9553}.Debug|x64.ActiveCfg = Debug|Any CPU
		{691EE796-B56B-4542-838E-40B00D7A9553}.Debug|x64.Build.0 = Debug|Any CPU
		{691EE796-B56B-4542-838E-40B00D7A9553}.Debug|x86.ActiveCfg = Debug|Any CPU
		{691EE796-B56B-4542-838E-40B00D7A9553}.Debug|x86.Build.0 = Debug|Any CPU
		{691EE796-B56B-4542-838E-40B00D7A9553}.Release|Any CPU.ActiveCfg = Release|Any CPU
		{691EE796-B56B-4542-838E-40B00D7A9553}.Release|Any CPU.Build.0 = Release|Any CPU
		{691EE796-B56B-4542-838E-40B00D7A9553}.Release|x64.ActiveCfg = Release|Any CPU
		{691EE796-B56B-4542-838E-40B00D7A9553}.Release|x64.Build.0 = Release|Any CPU
		{691EE796-B56B-4542-838E-40B00D7A9553}.Release|x86.ActiveCfg = Release|Any CPU
		{691EE796-B56B-4542-838E-40B00D7A9553}.Release|x86.Build.0 = Release|Any CPU
		{7CD80245-14CB-4816-94E4-88403210A4B3}.Debug|Any CPU.ActiveCfg = Debug|Any CPU
		{7CD80245-14CB-4816-94E4-88403210A4B3}.Debug|Any CPU.Build.0 = Debug|Any CPU
		{7CD80245-14CB-4816-94E4-88403210A4B3}.Debug|x64.ActiveCfg = Debug|Any CPU
		{7CD80245-14CB-4816-94E4-88403210A4B3}.Debug|x64.Build.0 = Debug|Any CPU
		{7CD80245-14CB-4816-94E4-88403210A4B3}.Debug|x86.ActiveCfg = Debug|Any CPU
		{7CD80245-14CB-4816-94E4-88403210A4B3}.Debug|x86.Build.0 = Debug|Any CPU
		{7CD80245-14CB-4816-94E4-88403210A4B3}.Release|Any CPU.ActiveCfg = Release|Any CPU
		{7CD80245-14CB-4816-94E4-88403210A4B3}.Release|Any CPU.Build.0 = Release|Any CPU
		{7CD80245-14CB-4816-94E4-88403210A4B3}.Release|x64.ActiveCfg = Release|Any CPU
		{7CD80245-14CB-4816-94E4-88403210A4B3}.Release|x64.Build.0 = Release|Any CPU
		{7CD80245-14CB-4816-94E4-88403210A4B3}.Release|x86.ActiveCfg = Release|Any CPU
		{7CD80245-14CB-4816-94E4-88403210A4B3}.Release|x86.Build.0 = Release|Any CPU
		{C35F16B8-A0C6-4326-A360-4EE1D63CB234}.Debug|Any CPU.ActiveCfg = Debug|Any CPU
		{C35F16B8-A0C6-4326-A360-4EE1D63CB234}.Debug|Any CPU.Build.0 = Debug|Any CPU
		{C35F16B8-A0C6-4326-A360-4EE1D63CB234}.Debug|x64.ActiveCfg = Debug|Any CPU
		{C35F16B8-A0C6-4326-A360-4EE1D63CB234}.Debug|x64.Build.0 = Debug|Any CPU
		{C35F16B8-A0C6-4326-A360-4EE1D63CB234}.Debug|x86.ActiveCfg = Debug|Any CPU
		{C35F16B8-A0C6-4326-A360-4EE1D63CB234}.Debug|x86.Build.0 = Debug|Any CPU
		{C35F16B8-A0C6-4326-A360-4EE1D63CB234}.Release|Any CPU.ActiveCfg = Release|Any CPU
		{C35F16B8-A0C6-4326-A360-4EE1D63CB234}.Release|Any CPU.Build.0 = Release|Any CPU
		{C35F16B8-A0C6-4326-A360-4EE1D63CB234}.Release|x64.ActiveCfg = Release|Any CPU
		{C35F16B8-A0C6-4326-A360-4EE1D63CB234}.Release|x64.Build.0 = Release|Any CPU
		{C35F16B8-A0C6-4326-A360-4EE1D63CB234}.Release|x86.ActiveCfg = Release|Any CPU
		{C35F16B8-A0C6-4326-A360-4EE1D63CB234}.Release|x86.Build.0 = Release|Any CPU
		{480FE22A-ACCD-4755-9200-1BA2687A6E2E}.Debug|Any CPU.ActiveCfg = Debug|Any CPU
		{480FE22A-ACCD-4755-9200-1BA2687A6E2E}.Debug|Any CPU.Build.0 = Debug|Any CPU
		{480FE22A-ACCD-4755-9200-1BA2687A6E2E}.Debug|x64.ActiveCfg = Debug|Any CPU
		{480FE22A-ACCD-4755-9200-1BA2687A6E2E}.Debug|x64.Build.0 = Debug|Any CPU
		{480FE22A-ACCD-4755-9200-1BA2687A6E2E}.Debug|x86.ActiveCfg = Debug|Any CPU
		{480FE22A-ACCD-4755-9200-1BA2687A6E2E}.Debug|x86.Build.0 = Debug|Any CPU
		{480FE22A-ACCD-4755-9200-1BA2687A6E2E}.Release|Any CPU.ActiveCfg = Release|Any CPU
		{480FE22A-ACCD-4755-9200-1BA2687A6E2E}.Release|Any CPU.Build.0 = Release|Any CPU
		{480FE22A-ACCD-4755-9200-1BA2687A6E2E}.Release|x64.ActiveCfg = Release|Any CPU
		{480FE22A-ACCD-4755-9200-1BA2687A6E2E}.Release|x64.Build.0 = Release|Any CPU
		{480FE22A-ACCD-4755-9200-1BA2687A6E2E}.Release|x86.ActiveCfg = Release|Any CPU
		{480FE22A-ACCD-4755-9200-1BA2687A6E2E}.Release|x86.Build.0 = Release|Any CPU
		{029A3519-CD21-4805-A7EB-8CD9F988BB6B}.Debug|Any CPU.ActiveCfg = Debug|Any CPU
		{029A3519-CD21-4805-A7EB-8CD9F988BB6B}.Debug|Any CPU.Build.0 = Debug|Any CPU
		{029A3519-CD21-4805-A7EB-8CD9F988BB6B}.Debug|x64.ActiveCfg = Debug|Any CPU
		{029A3519-CD21-4805-A7EB-8CD9F988BB6B}.Debug|x64.Build.0 = Debug|Any CPU
		{029A3519-CD21-4805-A7EB-8CD9F988BB6B}.Debug|x86.ActiveCfg = Debug|Any CPU
		{029A3519-CD21-4805-A7EB-8CD9F988BB6B}.Debug|x86.Build.0 = Debug|Any CPU
		{029A3519-CD21-4805-A7EB-8CD9F988BB6B}.Release|Any CPU.ActiveCfg = Release|Any CPU
		{029A3519-CD21-4805-A7EB-8CD9F988BB6B}.Release|Any CPU.Build.0 = Release|Any CPU
		{029A3519-CD21-4805-A7EB-8CD9F988BB6B}.Release|x64.ActiveCfg = Release|Any CPU
		{029A3519-CD21-4805-A7EB-8CD9F988BB6B}.Release|x64.Build.0 = Release|Any CPU
		{029A3519-CD21-4805-A7EB-8CD9F988BB6B}.Release|x86.ActiveCfg = Release|Any CPU
		{029A3519-CD21-4805-A7EB-8CD9F988BB6B}.Release|x86.Build.0 = Release|Any CPU
		{866FDC0F-4EC2-46AF-9ED5-39BAA9E2993B}.Debug|Any CPU.ActiveCfg = Debug|Any CPU
		{866FDC0F-4EC2-46AF-9ED5-39BAA9E2993B}.Debug|Any CPU.Build.0 = Debug|Any CPU
		{866FDC0F-4EC2-46AF-9ED5-39BAA9E2993B}.Debug|x64.ActiveCfg = Debug|Any CPU
		{866FDC0F-4EC2-46AF-9ED5-39BAA9E2993B}.Debug|x64.Build.0 = Debug|Any CPU
		{866FDC0F-4EC2-46AF-9ED5-39BAA9E2993B}.Debug|x86.ActiveCfg = Debug|Any CPU
		{866FDC0F-4EC2-46AF-9ED5-39BAA9E2993B}.Debug|x86.Build.0 = Debug|Any CPU
		{866FDC0F-4EC2-46AF-9ED5-39BAA9E2993B}.Release|Any CPU.ActiveCfg = Release|Any CPU
		{866FDC0F-4EC2-46AF-9ED5-39BAA9E2993B}.Release|Any CPU.Build.0 = Release|Any CPU
		{866FDC0F-4EC2-46AF-9ED5-39BAA9E2993B}.Release|x64.ActiveCfg = Release|Any CPU
		{866FDC0F-4EC2-46AF-9ED5-39BAA9E2993B}.Release|x64.Build.0 = Release|Any CPU
		{866FDC0F-4EC2-46AF-9ED5-39BAA9E2993B}.Release|x86.ActiveCfg = Release|Any CPU
		{866FDC0F-4EC2-46AF-9ED5-39BAA9E2993B}.Release|x86.Build.0 = Release|Any CPU
		{3251C08D-4080-442E-BB5D-439E3CEECF07}.Debug|Any CPU.ActiveCfg = Debug|Any CPU
		{3251C08D-4080-442E-BB5D-439E3CEECF07}.Debug|Any CPU.Build.0 = Debug|Any CPU
		{3251C08D-4080-442E-BB5D-439E3CEECF07}.Debug|x64.ActiveCfg = Debug|Any CPU
		{3251C08D-4080-442E-BB5D-439E3CEECF07}.Debug|x64.Build.0 = Debug|Any CPU
		{3251C08D-4080-442E-BB5D-439E3CEECF07}.Debug|x86.ActiveCfg = Debug|Any CPU
		{3251C08D-4080-442E-BB5D-439E3CEECF07}.Debug|x86.Build.0 = Debug|Any CPU
		{3251C08D-4080-442E-BB5D-439E3CEECF07}.Release|Any CPU.ActiveCfg = Release|Any CPU
		{3251C08D-4080-442E-BB5D-439E3CEECF07}.Release|Any CPU.Build.0 = Release|Any CPU
		{3251C08D-4080-442E-BB5D-439E3CEECF07}.Release|x64.ActiveCfg = Release|Any CPU
		{3251C08D-4080-442E-BB5D-439E3CEECF07}.Release|x64.Build.0 = Release|Any CPU
		{3251C08D-4080-442E-BB5D-439E3CEECF07}.Release|x86.ActiveCfg = Release|Any CPU
		{3251C08D-4080-442E-BB5D-439E3CEECF07}.Release|x86.Build.0 = Release|Any CPU
		{ECA3F32D-FC99-4CA1-BBE0-F96D2A0F9F9A}.Debug|Any CPU.ActiveCfg = Debug|Any CPU
		{ECA3F32D-FC99-4CA1-BBE0-F96D2A0F9F9A}.Debug|Any CPU.Build.0 = Debug|Any CPU
		{ECA3F32D-FC99-4CA1-BBE0-F96D2A0F9F9A}.Debug|x64.ActiveCfg = Debug|Any CPU
		{ECA3F32D-FC99-4CA1-BBE0-F96D2A0F9F9A}.Debug|x64.Build.0 = Debug|Any CPU
		{ECA3F32D-FC99-4CA1-BBE0-F96D2A0F9F9A}.Debug|x86.ActiveCfg = Debug|Any CPU
		{ECA3F32D-FC99-4CA1-BBE0-F96D2A0F9F9A}.Debug|x86.Build.0 = Debug|Any CPU
		{ECA3F32D-FC99-4CA1-BBE0-F96D2A0F9F9A}.Release|Any CPU.ActiveCfg = Release|Any CPU
		{ECA3F32D-FC99-4CA1-BBE0-F96D2A0F9F9A}.Release|Any CPU.Build.0 = Release|Any CPU
		{ECA3F32D-FC99-4CA1-BBE0-F96D2A0F9F9A}.Release|x64.ActiveCfg = Release|Any CPU
		{ECA3F32D-FC99-4CA1-BBE0-F96D2A0F9F9A}.Release|x64.Build.0 = Release|Any CPU
		{ECA3F32D-FC99-4CA1-BBE0-F96D2A0F9F9A}.Release|x86.ActiveCfg = Release|Any CPU
		{ECA3F32D-FC99-4CA1-BBE0-F96D2A0F9F9A}.Release|x86.Build.0 = Release|Any CPU
		{398AA309-F221-49FC-8F1F-079CA23DFB5A}.Debug|Any CPU.ActiveCfg = Debug|Any CPU
		{398AA309-F221-49FC-8F1F-079CA23DFB5A}.Debug|Any CPU.Build.0 = Debug|Any CPU
		{398AA309-F221-49FC-8F1F-079CA23DFB5A}.Debug|x64.ActiveCfg = Debug|Any CPU
		{398AA309-F221-49FC-8F1F-079CA23DFB5A}.Debug|x64.Build.0 = Debug|Any CPU
		{398AA309-F221-49FC-8F1F-079CA23DFB5A}.Debug|x86.ActiveCfg = Debug|Any CPU
		{398AA309-F221-49FC-8F1F-079CA23DFB5A}.Debug|x86.Build.0 = Debug|Any CPU
		{398AA309-F221-49FC-8F1F-079CA23DFB5A}.Release|Any CPU.ActiveCfg = Release|Any CPU
		{398AA309-F221-49FC-8F1F-079CA23DFB5A}.Release|Any CPU.Build.0 = Release|Any CPU
		{398AA309-F221-49FC-8F1F-079CA23DFB5A}.Release|x64.ActiveCfg = Release|Any CPU
		{398AA309-F221-49FC-8F1F-079CA23DFB5A}.Release|x64.Build.0 = Release|Any CPU
		{398AA309-F221-49FC-8F1F-079CA23DFB5A}.Release|x86.ActiveCfg = Release|Any CPU
		{398AA309-F221-49FC-8F1F-079CA23DFB5A}.Release|x86.Build.0 = Release|Any CPU
		{7B26679C-0155-477C-8BA8-68F21941BD11}.Debug|Any CPU.ActiveCfg = Debug|Any CPU
		{7B26679C-0155-477C-8BA8-68F21941BD11}.Debug|Any CPU.Build.0 = Debug|Any CPU
		{7B26679C-0155-477C-8BA8-68F21941BD11}.Debug|x64.ActiveCfg = Debug|Any CPU
		{7B26679C-0155-477C-8BA8-68F21941BD11}.Debug|x64.Build.0 = Debug|Any CPU
		{7B26679C-0155-477C-8BA8-68F21941BD11}.Debug|x86.ActiveCfg = Debug|Any CPU
		{7B26679C-0155-477C-8BA8-68F21941BD11}.Debug|x86.Build.0 = Debug|Any CPU
		{7B26679C-0155-477C-8BA8-68F21941BD11}.Release|Any CPU.ActiveCfg = Release|Any CPU
		{7B26679C-0155-477C-8BA8-68F21941BD11}.Release|Any CPU.Build.0 = Release|Any CPU
		{7B26679C-0155-477C-8BA8-68F21941BD11}.Release|x64.ActiveCfg = Release|Any CPU
		{7B26679C-0155-477C-8BA8-68F21941BD11}.Release|x64.Build.0 = Release|Any CPU
		{7B26679C-0155-477C-8BA8-68F21941BD11}.Release|x86.ActiveCfg = Release|Any CPU
		{7B26679C-0155-477C-8BA8-68F21941BD11}.Release|x86.Build.0 = Release|Any CPU
		{E89D22C3-9A90-4ABD-BED8-F5F22153B412}.Debug|Any CPU.ActiveCfg = Debug|Any CPU
		{E89D22C3-9A90-4ABD-BED8-F5F22153B412}.Debug|Any CPU.Build.0 = Debug|Any CPU
		{E89D22C3-9A90-4ABD-BED8-F5F22153B412}.Debug|x64.ActiveCfg = Debug|Any CPU
		{E89D22C3-9A90-4ABD-BED8-F5F22153B412}.Debug|x64.Build.0 = Debug|Any CPU
		{E89D22C3-9A90-4ABD-BED8-F5F22153B412}.Debug|x86.ActiveCfg = Debug|Any CPU
		{E89D22C3-9A90-4ABD-BED8-F5F22153B412}.Debug|x86.Build.0 = Debug|Any CPU
		{E89D22C3-9A90-4ABD-BED8-F5F22153B412}.Release|Any CPU.ActiveCfg = Release|Any CPU
		{E89D22C3-9A90-4ABD-BED8-F5F22153B412}.Release|Any CPU.Build.0 = Release|Any CPU
		{E89D22C3-9A90-4ABD-BED8-F5F22153B412}.Release|x64.ActiveCfg = Release|Any CPU
		{E89D22C3-9A90-4ABD-BED8-F5F22153B412}.Release|x64.Build.0 = Release|Any CPU
		{E89D22C3-9A90-4ABD-BED8-F5F22153B412}.Release|x86.ActiveCfg = Release|Any CPU
		{E89D22C3-9A90-4ABD-BED8-F5F22153B412}.Release|x86.Build.0 = Release|Any CPU
		{AE3082F8-62C9-4B7D-9B83-F13BEF6BADA4}.Debug|Any CPU.ActiveCfg = Debug|Any CPU
		{AE3082F8-62C9-4B7D-9B83-F13BEF6BADA4}.Debug|Any CPU.Build.0 = Debug|Any CPU
		{AE3082F8-62C9-4B7D-9B83-F13BEF6BADA4}.Debug|x64.ActiveCfg = Debug|Any CPU
		{AE3082F8-62C9-4B7D-9B83-F13BEF6BADA4}.Debug|x64.Build.0 = Debug|Any CPU
		{AE3082F8-62C9-4B7D-9B83-F13BEF6BADA4}.Debug|x86.ActiveCfg = Debug|Any CPU
		{AE3082F8-62C9-4B7D-9B83-F13BEF6BADA4}.Debug|x86.Build.0 = Debug|Any CPU
		{AE3082F8-62C9-4B7D-9B83-F13BEF6BADA4}.Release|Any CPU.ActiveCfg = Release|Any CPU
		{AE3082F8-62C9-4B7D-9B83-F13BEF6BADA4}.Release|Any CPU.Build.0 = Release|Any CPU
		{AE3082F8-62C9-4B7D-9B83-F13BEF6BADA4}.Release|x64.ActiveCfg = Release|Any CPU
		{AE3082F8-62C9-4B7D-9B83-F13BEF6BADA4}.Release|x64.Build.0 = Release|Any CPU
		{AE3082F8-62C9-4B7D-9B83-F13BEF6BADA4}.Release|x86.ActiveCfg = Release|Any CPU
		{AE3082F8-62C9-4B7D-9B83-F13BEF6BADA4}.Release|x86.Build.0 = Release|Any CPU
		{933457C1-4600-44ED-B8D6-3A0F80DE4DDE}.Debug|Any CPU.ActiveCfg = Debug|Any CPU
		{933457C1-4600-44ED-B8D6-3A0F80DE4DDE}.Debug|Any CPU.Build.0 = Debug|Any CPU
		{933457C1-4600-44ED-B8D6-3A0F80DE4DDE}.Debug|x64.ActiveCfg = Debug|Any CPU
		{933457C1-4600-44ED-B8D6-3A0F80DE4DDE}.Debug|x64.Build.0 = Debug|Any CPU
		{933457C1-4600-44ED-B8D6-3A0F80DE4DDE}.Debug|x86.ActiveCfg = Debug|Any CPU
		{933457C1-4600-44ED-B8D6-3A0F80DE4DDE}.Debug|x86.Build.0 = Debug|Any CPU
		{933457C1-4600-44ED-B8D6-3A0F80DE4DDE}.Release|Any CPU.ActiveCfg = Release|Any CPU
		{933457C1-4600-44ED-B8D6-3A0F80DE4DDE}.Release|Any CPU.Build.0 = Release|Any CPU
		{933457C1-4600-44ED-B8D6-3A0F80DE4DDE}.Release|x64.ActiveCfg = Release|Any CPU
		{933457C1-4600-44ED-B8D6-3A0F80DE4DDE}.Release|x64.Build.0 = Release|Any CPU
		{933457C1-4600-44ED-B8D6-3A0F80DE4DDE}.Release|x86.ActiveCfg = Release|Any CPU
		{933457C1-4600-44ED-B8D6-3A0F80DE4DDE}.Release|x86.Build.0 = Release|Any CPU
		{ED6424E6-4B7C-4367-AB9B-47DDB64ACF27}.Debug|Any CPU.ActiveCfg = Debug|Any CPU
		{ED6424E6-4B7C-4367-AB9B-47DDB64ACF27}.Debug|Any CPU.Build.0 = Debug|Any CPU
		{ED6424E6-4B7C-4367-AB9B-47DDB64ACF27}.Debug|x64.ActiveCfg = Debug|Any CPU
		{ED6424E6-4B7C-4367-AB9B-47DDB64ACF27}.Debug|x64.Build.0 = Debug|Any CPU
		{ED6424E6-4B7C-4367-AB9B-47DDB64ACF27}.Debug|x86.ActiveCfg = Debug|Any CPU
		{ED6424E6-4B7C-4367-AB9B-47DDB64ACF27}.Debug|x86.Build.0 = Debug|Any CPU
		{ED6424E6-4B7C-4367-AB9B-47DDB64ACF27}.Release|Any CPU.ActiveCfg = Release|Any CPU
		{ED6424E6-4B7C-4367-AB9B-47DDB64ACF27}.Release|Any CPU.Build.0 = Release|Any CPU
		{ED6424E6-4B7C-4367-AB9B-47DDB64ACF27}.Release|x64.ActiveCfg = Release|Any CPU
		{ED6424E6-4B7C-4367-AB9B-47DDB64ACF27}.Release|x64.Build.0 = Release|Any CPU
		{ED6424E6-4B7C-4367-AB9B-47DDB64ACF27}.Release|x86.ActiveCfg = Release|Any CPU
		{ED6424E6-4B7C-4367-AB9B-47DDB64ACF27}.Release|x86.Build.0 = Release|Any CPU
		{5F988CBA-5904-441B-AEFE-04F7D29757F6}.Debug|Any CPU.ActiveCfg = Debug|Any CPU
		{5F988CBA-5904-441B-AEFE-04F7D29757F6}.Debug|Any CPU.Build.0 = Debug|Any CPU
		{5F988CBA-5904-441B-AEFE-04F7D29757F6}.Debug|x64.ActiveCfg = Debug|Any CPU
		{5F988CBA-5904-441B-AEFE-04F7D29757F6}.Debug|x64.Build.0 = Debug|Any CPU
		{5F988CBA-5904-441B-AEFE-04F7D29757F6}.Debug|x86.ActiveCfg = Debug|Any CPU
		{5F988CBA-5904-441B-AEFE-04F7D29757F6}.Debug|x86.Build.0 = Debug|Any CPU
		{5F988CBA-5904-441B-AEFE-04F7D29757F6}.Release|Any CPU.ActiveCfg = Release|Any CPU
		{5F988CBA-5904-441B-AEFE-04F7D29757F6}.Release|Any CPU.Build.0 = Release|Any CPU
		{5F988CBA-5904-441B-AEFE-04F7D29757F6}.Release|x64.ActiveCfg = Release|Any CPU
		{5F988CBA-5904-441B-AEFE-04F7D29757F6}.Release|x64.Build.0 = Release|Any CPU
		{5F988CBA-5904-441B-AEFE-04F7D29757F6}.Release|x86.ActiveCfg = Release|Any CPU
		{5F988CBA-5904-441B-AEFE-04F7D29757F6}.Release|x86.Build.0 = Release|Any CPU
		{FF78CCA4-8D68-40E1-800A-127EF75F8A6D}.Debug|Any CPU.ActiveCfg = Debug|Any CPU
		{FF78CCA4-8D68-40E1-800A-127EF75F8A6D}.Debug|Any CPU.Build.0 = Debug|Any CPU
		{FF78CCA4-8D68-40E1-800A-127EF75F8A6D}.Debug|x64.ActiveCfg = Debug|Any CPU
		{FF78CCA4-8D68-40E1-800A-127EF75F8A6D}.Debug|x64.Build.0 = Debug|Any CPU
		{FF78CCA4-8D68-40E1-800A-127EF75F8A6D}.Debug|x86.ActiveCfg = Debug|Any CPU
		{FF78CCA4-8D68-40E1-800A-127EF75F8A6D}.Debug|x86.Build.0 = Debug|Any CPU
		{FF78CCA4-8D68-40E1-800A-127EF75F8A6D}.Release|Any CPU.ActiveCfg = Release|Any CPU
		{FF78CCA4-8D68-40E1-800A-127EF75F8A6D}.Release|Any CPU.Build.0 = Release|Any CPU
		{FF78CCA4-8D68-40E1-800A-127EF75F8A6D}.Release|x64.ActiveCfg = Release|Any CPU
		{FF78CCA4-8D68-40E1-800A-127EF75F8A6D}.Release|x64.Build.0 = Release|Any CPU
		{FF78CCA4-8D68-40E1-800A-127EF75F8A6D}.Release|x86.ActiveCfg = Release|Any CPU
		{FF78CCA4-8D68-40E1-800A-127EF75F8A6D}.Release|x86.Build.0 = Release|Any CPU
		{76C84F00-0FDA-44D8-A29B-E324B3440364}.Debug|Any CPU.ActiveCfg = Debug|Any CPU
		{76C84F00-0FDA-44D8-A29B-E324B3440364}.Debug|Any CPU.Build.0 = Debug|Any CPU
		{76C84F00-0FDA-44D8-A29B-E324B3440364}.Debug|x64.ActiveCfg = Debug|Any CPU
		{76C84F00-0FDA-44D8-A29B-E324B3440364}.Debug|x64.Build.0 = Debug|Any CPU
		{76C84F00-0FDA-44D8-A29B-E324B3440364}.Debug|x86.ActiveCfg = Debug|Any CPU
		{76C84F00-0FDA-44D8-A29B-E324B3440364}.Debug|x86.Build.0 = Debug|Any CPU
		{76C84F00-0FDA-44D8-A29B-E324B3440364}.Release|Any CPU.ActiveCfg = Release|Any CPU
		{76C84F00-0FDA-44D8-A29B-E324B3440364}.Release|Any CPU.Build.0 = Release|Any CPU
		{76C84F00-0FDA-44D8-A29B-E324B3440364}.Release|x64.ActiveCfg = Release|Any CPU
		{76C84F00-0FDA-44D8-A29B-E324B3440364}.Release|x64.Build.0 = Release|Any CPU
		{76C84F00-0FDA-44D8-A29B-E324B3440364}.Release|x86.ActiveCfg = Release|Any CPU
		{76C84F00-0FDA-44D8-A29B-E324B3440364}.Release|x86.Build.0 = Release|Any CPU
		{66D171DD-1EB4-4E7B-9404-7B7C29523984}.Debug|Any CPU.ActiveCfg = Debug|Any CPU
		{66D171DD-1EB4-4E7B-9404-7B7C29523984}.Debug|Any CPU.Build.0 = Debug|Any CPU
		{66D171DD-1EB4-4E7B-9404-7B7C29523984}.Debug|x64.ActiveCfg = Debug|Any CPU
		{66D171DD-1EB4-4E7B-9404-7B7C29523984}.Debug|x64.Build.0 = Debug|Any CPU
		{66D171DD-1EB4-4E7B-9404-7B7C29523984}.Debug|x86.ActiveCfg = Debug|Any CPU
		{66D171DD-1EB4-4E7B-9404-7B7C29523984}.Debug|x86.Build.0 = Debug|Any CPU
		{66D171DD-1EB4-4E7B-9404-7B7C29523984}.Release|Any CPU.ActiveCfg = Release|Any CPU
		{66D171DD-1EB4-4E7B-9404-7B7C29523984}.Release|Any CPU.Build.0 = Release|Any CPU
		{66D171DD-1EB4-4E7B-9404-7B7C29523984}.Release|x64.ActiveCfg = Release|Any CPU
		{66D171DD-1EB4-4E7B-9404-7B7C29523984}.Release|x64.Build.0 = Release|Any CPU
		{66D171DD-1EB4-4E7B-9404-7B7C29523984}.Release|x86.ActiveCfg = Release|Any CPU
		{66D171DD-1EB4-4E7B-9404-7B7C29523984}.Release|x86.Build.0 = Release|Any CPU
		{9DC99041-C24C-40B3-B37C-29CC589AC2DB}.Debug|Any CPU.ActiveCfg = Debug|Any CPU
		{9DC99041-C24C-40B3-B37C-29CC589AC2DB}.Debug|Any CPU.Build.0 = Debug|Any CPU
		{9DC99041-C24C-40B3-B37C-29CC589AC2DB}.Debug|x64.ActiveCfg = Debug|Any CPU
		{9DC99041-C24C-40B3-B37C-29CC589AC2DB}.Debug|x64.Build.0 = Debug|Any CPU
		{9DC99041-C24C-40B3-B37C-29CC589AC2DB}.Debug|x86.ActiveCfg = Debug|Any CPU
		{9DC99041-C24C-40B3-B37C-29CC589AC2DB}.Debug|x86.Build.0 = Debug|Any CPU
		{9DC99041-C24C-40B3-B37C-29CC589AC2DB}.Release|Any CPU.ActiveCfg = Release|Any CPU
		{9DC99041-C24C-40B3-B37C-29CC589AC2DB}.Release|Any CPU.Build.0 = Release|Any CPU
		{9DC99041-C24C-40B3-B37C-29CC589AC2DB}.Release|x64.ActiveCfg = Release|Any CPU
		{9DC99041-C24C-40B3-B37C-29CC589AC2DB}.Release|x64.Build.0 = Release|Any CPU
		{9DC99041-C24C-40B3-B37C-29CC589AC2DB}.Release|x86.ActiveCfg = Release|Any CPU
		{9DC99041-C24C-40B3-B37C-29CC589AC2DB}.Release|x86.Build.0 = Release|Any CPU
		{E81CDFAA-E81B-462E-B823-FD787D985743}.Debug|Any CPU.ActiveCfg = Debug|Any CPU
		{E81CDFAA-E81B-462E-B823-FD787D985743}.Debug|Any CPU.Build.0 = Debug|Any CPU
		{E81CDFAA-E81B-462E-B823-FD787D985743}.Debug|x64.ActiveCfg = Debug|Any CPU
		{E81CDFAA-E81B-462E-B823-FD787D985743}.Debug|x64.Build.0 = Debug|Any CPU
		{E81CDFAA-E81B-462E-B823-FD787D985743}.Debug|x86.ActiveCfg = Debug|Any CPU
		{E81CDFAA-E81B-462E-B823-FD787D985743}.Debug|x86.Build.0 = Debug|Any CPU
		{E81CDFAA-E81B-462E-B823-FD787D985743}.Release|Any CPU.ActiveCfg = Release|Any CPU
		{E81CDFAA-E81B-462E-B823-FD787D985743}.Release|Any CPU.Build.0 = Release|Any CPU
		{E81CDFAA-E81B-462E-B823-FD787D985743}.Release|x64.ActiveCfg = Release|Any CPU
		{E81CDFAA-E81B-462E-B823-FD787D985743}.Release|x64.Build.0 = Release|Any CPU
		{E81CDFAA-E81B-462E-B823-FD787D985743}.Release|x86.ActiveCfg = Release|Any CPU
		{E81CDFAA-E81B-462E-B823-FD787D985743}.Release|x86.Build.0 = Release|Any CPU
	EndGlobalSection
	GlobalSection(SolutionProperties) = preSolution
		HideSolutionNode = FALSE
	EndGlobalSection
	GlobalSection(NestedProjects) = preSolution
		{3F8E3347-82C2-447C-A1B7-7021C9605892} = {78EB9816-B69E-4BEB-8211-A8EF4D01B0CE}
		{1D61B1D1-EAA8-4E0F-BE5C-9F101E5D1E54} = {78EB9816-B69E-4BEB-8211-A8EF4D01B0CE}
		{8FF0B19E-7C54-4532-8F00-F270D8A2676D} = {78EB9816-B69E-4BEB-8211-A8EF4D01B0CE}
		{95B30B61-3560-4172-BDBB-5214F9139321} = {67CD3310-6A62-471E-AE89-6096AFB046C5}
		{B34409DB-6ED6-4840-88DE-703E990A99EB} = {67CD3310-6A62-471E-AE89-6096AFB046C5}
		{5B07847B-D38A-4671-B905-0DCE6A874533} = {67CD3310-6A62-471E-AE89-6096AFB046C5}
		{CF8EBF70-1EB7-4710-8DCA-BACE434C9ED5} = {67CD3310-6A62-471E-AE89-6096AFB046C5}
		{1CC0F275-3E1A-4F04-8317-B26EC3DE4818} = {FF8D47EA-B08E-42D8-86FE-D9093D80E8BB}
		{198753D2-0F2A-42AD-9D97-ADE685111A04} = {FF8D47EA-B08E-42D8-86FE-D9093D80E8BB}
		{7FFAA15F-6494-4501-AB97-17DE833AC7AB} = {FF8D47EA-B08E-42D8-86FE-D9093D80E8BB}
		{4C69ED65-82DE-4A46-93E2-FBC4DDB12239} = {FF8D47EA-B08E-42D8-86FE-D9093D80E8BB}
		{A811B460-7621-4887-B9EE-B065346C5AA8} = {78EB9816-B69E-4BEB-8211-A8EF4D01B0CE}
		{1A0358B0-8155-476E-AA6C-DDD01558C652} = {84F9C843-2DA9-4BB4-9B5D-9C3153B18EF0}
		{C9A58FDB-02B8-4CD5-B898-D38EA1AB3AE7} = {FF8D47EA-B08E-42D8-86FE-D9093D80E8BB}
		{A70ECD33-2CD9-4827-A915-EE13DF18B613} = {2A320332-DDCB-4BE7-8A47-D95A698E4118}
		{5B1D2E47-ADDF-44B5-8BF1-AEE494B7F489} = {2A320332-DDCB-4BE7-8A47-D95A698E4118}
		{FD3204A0-81F5-4686-88BC-F4A151314078} = {2A320332-DDCB-4BE7-8A47-D95A698E4118}
		{E982E89D-A93C-4122-AEA1-3364B6A4F8EE} = {2A320332-DDCB-4BE7-8A47-D95A698E4118}
		{845FEDDA-3F3E-4787-ACC2-9603A9CB98A7} = {F04A626A-8B04-4583-A08F-E608F8AA7219}
		{F05A1CD3-F52E-41BA-9E50-8DB493735451} = {F6BF2B0F-6B96-4667-9B83-E5142CDC34C6}
		{9560119A-7FF2-45DE-927E-F92A60E64369} = {F560C89B-5F5C-478C-8557-F4F0A20BCDC3}
		{691EE796-B56B-4542-838E-40B00D7A9553} = {F560C89B-5F5C-478C-8557-F4F0A20BCDC3}
		{7CD80245-14CB-4816-94E4-88403210A4B3} = {26331B6B-CE4F-4457-8551-88F4ED52648A}
		{C35F16B8-A0C6-4326-A360-4EE1D63CB234} = {26331B6B-CE4F-4457-8551-88F4ED52648A}
		{480FE22A-ACCD-4755-9200-1BA2687A6E2E} = {26331B6B-CE4F-4457-8551-88F4ED52648A}
		{029A3519-CD21-4805-A7EB-8CD9F988BB6B} = {896CA114-D72D-4CD2-AFF9-A583E3E83689}
		{866FDC0F-4EC2-46AF-9ED5-39BAA9E2993B} = {896CA114-D72D-4CD2-AFF9-A583E3E83689}
		{3251C08D-4080-442E-BB5D-439E3CEECF07} = {896CA114-D72D-4CD2-AFF9-A583E3E83689}
		{ECA3F32D-FC99-4CA1-BBE0-F96D2A0F9F9A} = {84F9C843-2DA9-4BB4-9B5D-9C3153B18EF0}
		{398AA309-F221-49FC-8F1F-079CA23DFB5A} = {78EB9816-B69E-4BEB-8211-A8EF4D01B0CE}
		{7B26679C-0155-477C-8BA8-68F21941BD11} = {67CD3310-6A62-471E-AE89-6096AFB046C5}
		{E89D22C3-9A90-4ABD-BED8-F5F22153B412} = {F560C89B-5F5C-478C-8557-F4F0A20BCDC3}
		{AE3082F8-62C9-4B7D-9B83-F13BEF6BADA4} = {26331B6B-CE4F-4457-8551-88F4ED52648A}
		{933457C1-4600-44ED-B8D6-3A0F80DE4DDE} = {896CA114-D72D-4CD2-AFF9-A583E3E83689}
		{8F6A260F-5E5B-4AD8-9E5E-F167B743DFFA} = {E170EAE3-EC66-46D7-9745-7A11E13895A4}
		{ED6424E6-4B7C-4367-AB9B-47DDB64ACF27} = {F560C89B-5F5C-478C-8557-F4F0A20BCDC3}
		{5F988CBA-5904-441B-AEFE-04F7D29757F6} = {498E3A60-A324-4260-882F-2236B3FCF6AF}
		{FF78CCA4-8D68-40E1-800A-127EF75F8A6D} = {498E3A60-A324-4260-882F-2236B3FCF6AF}
		{76C84F00-0FDA-44D8-A29B-E324B3440364} = {498E3A60-A324-4260-882F-2236B3FCF6AF}
		{66D171DD-1EB4-4E7B-9404-7B7C29523984} = {498E3A60-A324-4260-882F-2236B3FCF6AF}
		{9DC99041-C24C-40B3-B37C-29CC589AC2DB} = {498E3A60-A324-4260-882F-2236B3FCF6AF}
		{E81CDFAA-E81B-462E-B823-FD787D985743} = {84F9C843-2DA9-4BB4-9B5D-9C3153B18EF0}
	EndGlobalSection
	GlobalSection(ExtensibilityGlobals) = postSolution
		SolutionGuid = {01123A73-FA43-4C8A-8CEB-05D26C80160E}
	EndGlobalSection
EndGlobal
